lockfileVersion: '9.0'

settings:
  autoInstallPeers: true
  excludeLinksFromLockfile: false

importers:

  .:
    devDependencies:
      turbo:
        specifier: ^2
        version: 2.8.6

packages:

  turbo-darwin-64@2.8.6:
    resolution: {integrity: sha512-6QeZ/aLZizekiI6tKZN0IGP1a1WYZ9c/qDKPa0rSmj2X0O0Iw/ES4rKZV40S5n8SUJdiU01EFLygHJ2oWaYKXg==}
    cpu: [x64]
    os: [darwin]

  turbo-darwin-arm64@2.8.6:
    resolution: {integrity: sha512-RS4Z902vB93cQD3PJS/1IMmS0HefrB5ZXuw4ECOrxhOGz5jJVmYFJ6weDzedjoTDeYHHXGo1NoiCSHg69ngWKA==}
    cpu: [arm64]
    os: [darwin]

  turbo-linux-64@2.8.6:
    resolution: {integrity: sha512-hCWDnDepYbrSJdByuryKFoHAGFkvgBYXr6qdaGsYhX1Wgq8isqXCQBKOo99Y/9tXDwKGEeQ7xnkdFvSL7AQ4iQ==}
    cpu: [x64]
    os: [linux]

  turbo-linux-arm64@2.8.6:
    resolution: {integrity: sha512-oS15aCYEpynG/l69xs/ZnQ0dnz0pHhfHg70Zf5J+j5Cam0/RA0MpcryjneN/9G0PmP8a/6ZxnL5nZahX+wOBPA==}
    cpu: [arm64]
    os: [linux]

  turbo-windows-64@2.8.6:
    resolution: {integrity: sha512-eqBxqJD7H/uk9V0QO10VgwY9J2BUXejsGuzChln72Yl+o8GZwsvhOekndRxccR90J8ZO+LKO24+3VzHFh4Cu/g==}
    cpu: [x64]
    os: [win32]

  turbo-windows-arm64@2.8.6:
    resolution: {integrity: sha512-I3VEQyxIlNZ6XTg4fLKAkuhcwzIs/GD7Vs1yhelH2aUTjf08wprjBWknDqP7mjAHMpsosRrq4DtfSZEQm83Hxg==}
    cpu: [arm64]
    os: [win32]

  turbo@2.8.6:
    resolution: {integrity: sha512-QMj1SQwUYehc+xJ9SxXn56UO43hfKN64/NFetVW1BwzysRqn+q0FSgrmk+IbJ+djfd8j8zXGKGeqsnUcXwQSUQ==}
    hasBin: true

snapshots:

  turbo-darwin-64@2.8.6:
    optional: true

  turbo-darwin-arm64@2.8.6:
    optional: true

  turbo-linux-64@2.8.6:
    optional: true

  turbo-linux-arm64@2.8.6:
    optional: true

  turbo-windows-64@2.8.6:
    optional: true

  turbo-windows-arm64@2.8.6:
    optional: true

  turbo@2.8.6:
    optionalDependencies:
      turbo-darwin-64: 2.8.6
      turbo-darwin-arm64: 2.8.6
      turbo-linux-64: 2.8.6
      turbo-linux-arm64: 2.8.6
      turbo-windows-64: 2.8.6
      turbo-windows-arm64: 2.8.6
